
Microsoft Visual Studio Solution File, Format Version 12.00
# Visual Studio Version 17
VisualStudioVersion = 17.6.33801.468
MinimumVisualStudioVersion = 10.0.40219.1
Project("{2150E333-8FDC-42A3-9474-1A3956D46DE8}") = "Task0", "Task0", "{9E3AEA77-DE44-4EB1-8DA2-5CEBDF845577}"
EndProject
Project("{FAE04EC0-301F-11D3-BF4B-00C04F79EFBC}") = "Tyuiu.ElmurzaevIH.Sprint0.Task0.V0", "Tyuiu.ElmurzaevIH.Sprint0.Task0.V0\Tyuiu.ElmurzaevIH.Sprint0.Task0.V0.csproj", "{0AC82525-F179-4590-A914-95D927283C6B}"
EndProject
Project("{2150E333-8FDC-42A3-9474-1A3956D46DE8}") = "Task1", "Task1", "{07C891AD-DDAF-4CEE-8340-DCAEEA05A15D}"
EndProject
Project("{FAE04EC0-301F-11D3-BF4B-00C04F79EFBC}") = "Tyuiu.ElmurzaevIH.Sprint0.Task1.V0", "Tyuiu.ElmurzaevIH.Sprint0.Task1.V0\Tyuiu.ElmurzaevIH.Sprint0.Task1.V0.csproj", "{643D94F4-D4C3-4ED7-8C25-F76754D9FB2F}"
EndProject
Project("{2150E333-8FDC-42A3-9474-1A3956D46DE8}") = "Task2", "Task2", "{E0CF1C74-D0B5-429D-910C-82B0D4B43FFA}"
EndProject
Project("{FAE04EC0-301F-11D3-BF4B-00C04F79EFBC}") = "Tyuiu.ElmurzaevIH.Sprint0.Task2.V0", "Tyuiu.ElmurzaevIH.Sprint0.Task2.V0\Tyuiu.ElmurzaevIH.Sprint0.Task2.V0.csproj", "{04B60E09-6E00-4469-90B3-7F596DC1078D}"
EndProject
Project("{FAE04EC0-301F-11D3-BF4B-00C04F79EFBC}") = "Tyuiu.ElmurzaevIH.Sprint0.Task2.V0.Lib", "Tyuiu.ElmurzaevIH.Sprint0.Task2.V0.Lib\Tyuiu.ElmurzaevIH.Sprint0.Task2.V0.Lib.csproj", "{B711C144-D7EA-4564-B681-D6BC36B9FB67}"
EndProject
Project("{FAE04EC0-301F-11D3-BF4B-00C04F79EFBC}") = "Tyuiu.ElmurzaevIH.Sprint0.Task2.V0.Test", "Tyuiu.ElmurzaevIH.Sprint0.Task2.V0.Test\Tyuiu.ElmurzaevIH.Sprint0.Task2.V0.Test.csproj", "{BFC3B5EF-9FD4-4ED1-96E5-0B51D43B8D78}"
EndProject
Project("{2150E333-8FDC-42A3-9474-1A3956D46DE8}") = "Task3", "Task3", "{904BB2A8-B932-46DD-B7F2-2698C95441E1}"
EndProject
Project("{FAE04EC0-301F-11D3-BF4B-00C04F79EFBC}") = "Tyuiu.ElmurzaevIH.Sprint0.Task3.V0", "Tyuiu.ElmurzaevIH.Sprint0.Task3.V0\Tyuiu.ElmurzaevIH.Sprint0.Task3.V0.csproj", "{6D340D63-D270-4373-AE31-E9A690E42C3F}"
EndProject
Project("{FAE04EC0-301F-11D3-BF4B-00C04F79EFBC}") = "Tyuiu.ElmurzaevIH.Sprint0.Task3.V0.Lib", "Tyuiu.ElmurzaevIH.Sprint0.Task3.V0.Lib\Tyuiu.ElmurzaevIH.Sprint0.Task3.V0.Lib.csproj", "{74DA9ED4-FC83-46C9-BE25-5E34B85EBFE3}"
EndProject
Project("{FAE04EC0-301F-11D3-BF4B-00C04F79EFBC}") = "Tyuiu.ElmurzaevIH.Sprint0.Task3.V0.Test", "Tyuiu.ElmurzaevIH.Sprint0.Task3.V0.Test\Tyuiu.ElmurzaevIH.Sprint0.Task3.V0.Test.csproj", "{36F092BD-8377-42F1-B020-4D439FA972B5}"
EndProject
Global
	GlobalSection(SolutionConfigurationPlatforms) = preSolution
		Debug|Any CPU = Debug|Any CPU
		Release|Any CPU = Release|Any CPU
	EndGlobalSection
	GlobalSection(ProjectConfigurationPlatforms) = postSolution
		{0AC82525-F179-4590-A914-95D927283C6B}.Debug|Any CPU.ActiveCfg = Debug|Any CPU
		{0AC82525-F179-4590-A914-95D927283C6B}.Debug|Any CPU.Build.0 = Debug|Any CPU
		{0AC82525-F179-4590-A914-95D927283C6B}.Release|Any CPU.ActiveCfg = Release|Any CPU
		{0AC82525-F179-4590-A914-95D927283C6B}.Release|Any CPU.Build.0 = Release|Any CPU
		{643D94F4-D4C3-4ED7-8C25-F76754D9FB2F}.Debug|Any CPU.ActiveCfg = Debug|Any CPU
		{643D94F4-D4C3-4ED7-8C25-F76754D9FB2F}.Debug|Any CPU.Build.0 = Debug|Any CPU
		{643D94F4-D4C3-4ED7-8C25-F76754D9FB2F}.Release|Any CPU.ActiveCfg = Release|Any CPU
		{643D94F4-D4C3-4ED7-8C25-F76754D9FB2F}.Release|Any CPU.Build.0 = Release|Any CPU
		{04B60E09-6E00-4469-90B3-7F596DC1078D}.Debug|Any CPU.ActiveCfg = Debug|Any CPU
		{04B60E09-6E00-4469-90B3-7F596DC1078D}.Debug|Any CPU.Build.0 = Debug|Any CPU
		{04B60E09-6E00-4469-90B3-7F596DC1078D}.Release|Any CPU.ActiveCfg = Release|Any CPU
		{04B60E09-6E00-4469-90B3-7F596DC1078D}.Release|Any CPU.Build.0 = Release|Any CPU
		{B711C144-D7EA-4564-B681-D6BC36B9FB67}.Debug|Any CPU.ActiveCfg = Debug|Any CPU
		{B711C144-D7EA-4564-B681-D6BC36B9FB67}.Debug|Any CPU.Build.0 = Debug|Any CPU
		{B711C144-D7EA-4564-B681-D6BC36B9FB67}.Release|Any CPU.ActiveCfg = Release|Any CPU
		{B711C144-D7EA-4564-B681-D6BC36B9FB67}.Release|Any CPU.Build.0 = Release|Any CPU
		{BFC3B5EF-9FD4-4ED1-96E5-0B51D43B8D78}.Debug|Any CPU.ActiveCfg = Debug|Any CPU
		{BFC3B5EF-9FD4-4ED1-96E5-0B51D43B8D78}.Debug|Any CPU.Build.0 = Debug|Any CPU
		{BFC3B5EF-9FD4-4ED1-96E5-0B51D43B8D78}.Release|Any CPU.ActiveCfg = Release|Any CPU
		{BFC3B5EF-9FD4-4ED1-96E5-0B51D43B8D78}.Release|Any CPU.Build.0 = Release|Any CPU
		{6D340D63-D270-4373-AE31-E9A690E42C3F}.Debug|Any CPU.ActiveCfg = Debug|Any CPU
		{6D340D63-D270-4373-AE31-E9A690E42C3F}.Debug|Any CPU.Build.0 = Debug|Any CPU
		{6D340D63-D270-4373-AE31-E9A690E42C3F}.Release|Any CPU.ActiveCfg = Release|Any CPU
		{6D340D63-D270-4373-AE31-E9A690E42C3F}.Release|Any CPU.Build.0 = Release|Any CPU
		{74DA9ED4-FC83-46C9-BE25-5E34B85EBFE3}.Debug|Any CPU.ActiveCfg = Debug|Any CPU
		{74DA9ED4-FC83-46C9-BE25-5E34B85EBFE3}.Debug|Any CPU.Build.0 = Debug|Any CPU
		{74DA9ED4-FC83-46C9-BE25-5E34B85EBFE3}.Release|Any CPU.ActiveCfg = Release|Any CPU
		{74DA9ED4-FC83-46C9-BE25-5E34B85EBFE3}.Release|Any CPU.Build.0 = Release|Any CPU
		{36F092BD-8377-42F1-B020-4D439FA972B5}.Debug|Any CPU.ActiveCfg = Debug|Any CPU
		{36F092BD-8377-42F1-B020-4D439FA972B5}.Debug|Any CPU.Build.0 = Debug|Any CPU
		{36F092BD-8377-42F1-B020-4D439FA972B5}.Release|Any CPU.ActiveCfg = Release|Any CPU
		{36F092BD-8377-42F1-B020-4D439FA972B5}.Release|Any CPU.Build.0 = Release|Any CPU
	EndGlobalSection
	GlobalSection(SolutionProperties) = preSolution
		HideSolutionNode = FALSE
	EndGlobalSection
	GlobalSection(NestedProjects) = preSolution
		{0AC82525-F179-4590-A914-95D927283C6B} = {9E3AEA77-DE44-4EB1-8DA2-5CEBDF845577}
		{643D94F4-D4C3-4ED7-8C25-F76754D9FB2F} = {07C891AD-DDAF-4CEE-8340-DCAEEA05A15D}
		{04B60E09-6E00-4469-90B3-7F596DC1078D} = {E0CF1C74-D0B5-429D-910C-82B0D4B43FFA}
		{B711C144-D7EA-4564-B681-D6BC36B9FB67} = {E0CF1C74-D0B5-429D-910C-82B0D4B43FFA}
		{BFC3B5EF-9FD4-4ED1-96E5-0B51D43B8D78} = {E0CF1C74-D0B5-429D-910C-82B0D4B43FFA}
		{6D340D63-D270-4373-AE31-E9A690E42C3F} = {904BB2A8-B932-46DD-B7F2-2698C95441E1}
		{74DA9ED4-FC83-46C9-BE25-5E34B85EBFE3} = {904BB2A8-B932-46DD-B7F2-2698C95441E1}
		{36F092BD-8377-42F1-B020-4D439FA972B5} = {904BB2A8-B932-46DD-B7F2-2698C95441E1}
	EndGlobalSection
	GlobalSection(ExtensibilityGlobals) = postSolution
		SolutionGuid = {32A470E6-96AF-4CB9-A192-8D0A3E0DA37A}
	EndGlobalSection
EndGlobal
